Microsoft Visual Studio Solution File, Format Version 12.00
# Visual Studio Version 17
VisualStudioVersion = 17.0.31903.59
MinimumVisualStudioVersion = 10.0.40219.1
Project("{FAE04EC0-301F-11D3-BF4B-00C04F79EFBC}") = "CodexQuota", "src\CodexQuota\CodexQuota.csproj", "{6C322B3D-EE9D-4C0C-A57C-9D10DDC900D1}"
EndProject
Project("{FAE04EC0-301F-11D3-BF4B-00C04F79EFBC}") = "CodexQuota.Tests", "tests\CodexQuota.Tests\CodexQuota.Tests.csproj", "{104C765E-11A6-4983-822E-509AB6CC1062}"
EndProject
Global
	GlobalSection(SolutionConfigurationPlatforms) = preSolution
		Debug|Any CPU = Debug|Any CPU
		Release|Any CPU = Release|Any CPU
	EndGlobalSection
	GlobalSection(ProjectConfigurationPlatforms) = postSolution
		{6C322B3D-EE9D-4C0C-A57C-9D10DDC900D1}.Debug|Any CPU.ActiveCfg = Debug|Any CPU
		{6C322B3D-EE9D-4C0C-A57C-9D10DDC900D1}.Debug|Any CPU.Build.0 = Debug|Any CPU
		{6C322B3D-EE9D-4C0C-A57C-9D10DDC900D1}.Release|Any CPU.ActiveCfg = Release|Any CPU
		{6C322B3D-EE9D-4C0C-A57C-9D10DDC900D1}.Release|Any CPU.Build.0 = Release|Any CPU
		{104C765E-11A6-4983-822E-509AB6CC1062}.Debug|Any CPU.ActiveCfg = Debug|Any CPU
		{104C765E-11A6-4983-822E-509AB6CC1062}.Debug|Any CPU.Build.0 = Debug|Any CPU
		{104C765E-11A6-4983-822E-509AB6CC1062}.Release|Any CPU.ActiveCfg = Release|Any CPU
		{104C765E-11A6-4983-822E-509AB6CC1062}.Release|Any CPU.Build.0 = Release|Any CPU
	EndGlobalSection
	GlobalSection(SolutionProperties) = preSolution
		HideSolutionNode = FALSE
	EndGlobalSection
EndGlobal
